
Microsoft Visual Studio Solution File, Format Version 12.00
# Visual Studio 15
VisualStudioVersion = 15.0.28010.2026
MinimumVisualStudioVersion = 10.0.40219.1
Project("{FAE04EC0-301F-11D3-BF4B-00C04F79EFBC}") = "SiteDataMasking", "SiteDataMasking\SiteDataMasking.csproj", "{B62F5909-71AA-4D0A-B0A8-8B3D81612CD6}"
EndProject
Global
	GlobalSection(SolutionConfigurationPlatforms) = preSolution
		Debug|Any CPU = Debug|Any CPU
		Release|Any CPU = Release|Any CPU
	EndGlobalSection
	GlobalSection(ProjectConfigurationPlatforms) = postSolution
		{B62F5909-71AA-4D0A-B0A8-8B3D81612CD6}.Debug|Any CPU.ActiveCfg = Debug|Any CPU
		{B62F5909-71AA-4D0A-B0A8-8B3D81612CD6}.Debug|Any CPU.Build.0 = Debug|Any CPU
		{B62F5909-71AA-4D0A-B0A8-8B3D81612CD6}.Release|Any CPU.ActiveCfg = Release|Any CPU
		{B62F5909-71AA-4D0A-B0A8-8B3D81612CD6}.Release|Any CPU.Build.0 = Release|Any CPU
	EndGlobalSection
	GlobalSection(SolutionProperties) = preSolution
		HideSolutionNode = FALSE
	EndGlobalSection
	GlobalSection(ExtensibilityGlobals) = postSolution
		SolutionGuid = {FC2A77F5-347B-451C-A2ED-E7CECA7A4BD9}
	EndGlobalSection
EndGlobal
